PODS:
  - Alamofire (4.8.2)
  - IQKeyboardManagerSwift (6.4.0)
  - KiNetworking (1.2.3):
    - Alamofire
    - PromisesSwift
    - SwiftyJSON
  - Nimble (8.0.2)
  - PromisesObjC (1.2.8)
  - PromisesSwift (1.2.8):
    - PromisesObjC (= 1.2.8)
  - Quick (2.1.0)
  - SwiftyJSON (5.0.0)

DEPENDENCIES:
  - IQKeyboardManagerSwift
  - KiNetworking
  - Nimble
  - Quick

SPEC REPOS:
  https://github.com/cocoapods/specs.git:
    - Alamofire
    - IQKeyboardManagerSwift
    - KiNetworking
    - Nimble
    - PromisesObjC
    - PromisesSwift
    - Quick
    - SwiftyJSON

SPEC CHECKSUMS:
  Alamofire: ae5c501addb7afdbb13687d7f2f722c78734c2d3
  IQKeyboardManagerSwift: ed9b04ee0e3067ffba543283462d619f944b05e5
  KiNetworking: 6efd5cc255f02158cb3aef66c30f7b5ed40122f6
  Nimble: 622629381bda1dd5678162f21f1368cec7cbba60
  PromisesObjC: c119f3cd559f50b7ae681fa59dc1acd19173b7e6
  PromisesSwift: 37bad6f4daddb02f7c9c531efe91e8b21c13ee2f
  Quick: 4be43f6634acfa727dd106bdf3929ce125ffa79d
  SwiftyJSON: 36413e04c44ee145039d332b4f4e2d3e8d6c4db7

PODFILE CHECKSUM: 6f03b902699fa95debb35bb3c6a2d670c8ab2a27

COCOAPODS: 1.6.1
